
Microsoft Visual Studio Solution File, Format Version 12.00
# Visual Studio Version 17
VisualStudioVersion = 17.7.34009.444
MinimumVisualStudioVersion = 10.0.40219.1
Project("{FAE04EC0-301F-11D3-BF4B-00C04F79EFBC}") = "FortnoxAccessToken.Library", "FortnoxAccessToken.Library\FortnoxAccessToken.Library.csproj", "{BA2463D8-AAC6-4D71-93C7-A5407CF920A7}"
EndProject
Project("{FAE04EC0-301F-11D3-BF4B-00C04F79EFBC}") = "FortnoxAccessToken.UI.Shell", "FortnoxAccessToken.UI.Shell\FortnoxAccessToken.UI.Shell.csproj", "{408C7715-F6FA-40C1-AB66-E8635B40ED1B}"
EndProject
Project("{FAE04EC0-301F-11D3-BF4B-00C04F79EFBC}") = "FortnoxAccessToken.Dal", "FortnoxAccessToken.Dal\FortnoxAccessToken.Dal.csproj", "{08839CEB-252A-4A35-BEAE-793D002B7100}"
EndProject
Project("{2150E333-8FDC-42A3-9474-1A3956D46DE8}") = "Solution Items", "Solution Items", "{C92805F6-3675-4D14-8125-7EDE2EBAB49C}"
	ProjectSection(SolutionItems) = preProject
		.editorconfig = .editorconfig
		nuget.config = nuget.config
		..\doc\UseCases.txt = ..\doc\UseCases.txt
	EndProjectSection
EndProject
Project("{FAE04EC0-301F-11D3-BF4B-00C04F79EFBC}") = "FortnoxAccessToken.UI.Module", "FortnoxAccessToken.UI.Module\FortnoxAccessToken.UI.Module.csproj", "{4F44456E-20C4-4CB9-BAA3-CAF487122551}"
EndProject
Project("{FAE04EC0-301F-11D3-BF4B-00C04F79EFBC}") = "FortnoxAccessToken.DalFile", "FortnoxAccessToken.DalFile\FortnoxAccessToken.DalFile.csproj", "{B1542E44-3A4A-4075-B5B1-245574A0CD4D}"
EndProject
Project("{FAE04EC0-301F-11D3-BF4B-00C04F79EFBC}") = "FortnoxAccessToken.DalSql", "FortnoxAccessToken.DalSql\FortnoxAccessToken.DalSql.csproj", "{394F049B-4251-469E-BBCE-80503CA95B18}"
EndProject
Project("{FAE04EC0-301F-11D3-BF4B-00C04F79EFBC}") = "FortnoxAccessToken.DalFortnoxSdk", "FortnoxAccessToken.DalFortnoxSdk\FortnoxAccessToken.DalFortnoxSdk.csproj", "{C19A238C-61EF-4891-B89D-C440FD15DD62}"
EndProject
Project("{FAE04EC0-301F-11D3-BF4B-00C04F79EFBC}") = "FortnoxAccessToken.DalAppConfigXml", "FortnoxAccessToken.DalAppConfigXml\FortnoxAccessToken.DalAppConfigXml.csproj", "{98E59A67-E255-4C78-96A7-39AA78BC78E6}"
EndProject
Project("{FAE04EC0-301F-11D3-BF4B-00C04F79EFBC}") = "FortnoxAccessToken.DalSQLite", "FortnoxAccessToken.DalSQLite\FortnoxAccessToken.DalSQLite.csproj", "{26202CE2-DB47-455B-A54B-D854A8DD751F}"
EndProject
Project("{FAE04EC0-301F-11D3-BF4B-00C04F79EFBC}") = "FortnoxAccessToken.DalJson", "FortnoxAccessToken.DalJson\FortnoxAccessToken.DalJson.csproj", "{9DFC577E-8FCB-4854-B092-40630D9D05ED}"
EndProject
Project("{FAE04EC0-301F-11D3-BF4B-00C04F79EFBC}") = "FortnoxAccessToken.Core", "FortnoxAccessToken.Core\FortnoxAccessToken.Core.csproj", "{245635B2-2805-40CC-AE70-26B45B0D80FA}"
EndProject
Project("{FAE04EC0-301F-11D3-BF4B-00C04F79EFBC}") = "FortnoxAccessToken.UI.Styles", "FortnoxAccessToken.UI.Styles\FortnoxAccessToken.UI.Styles.csproj", "{9277DD56-9C6D-4A8C-9B02-620D1D541689}"
EndProject
Global
	GlobalSection(SolutionConfigurationPlatforms) = preSolution
		Debug|Any CPU = Debug|Any CPU
		Release|Any CPU = Release|Any CPU
	EndGlobalSection
	GlobalSection(ProjectConfigurationPlatforms) = postSolution
		{BA2463D8-AAC6-4D71-93C7-A5407CF920A7}.Debug|Any CPU.ActiveCfg = Debug|Any CPU
		{BA2463D8-AAC6-4D71-93C7-A5407CF920A7}.Debug|Any CPU.Build.0 = Debug|Any CPU
		{BA2463D8-AAC6-4D71-93C7-A5407CF920A7}.Release|Any CPU.ActiveCfg = Release|Any CPU
		{BA2463D8-AAC6-4D71-93C7-A5407CF920A7}.Release|Any CPU.Build.0 = Release|Any CPU
		{408C7715-F6FA-40C1-AB66-E8635B40ED1B}.Debug|Any CPU.ActiveCfg = Debug|Any CPU
		{408C7715-F6FA-40C1-AB66-E8635B40ED1B}.Debug|Any CPU.Build.0 = Debug|Any CPU
		{408C7715-F6FA-40C1-AB66-E8635B40ED1B}.Release|Any CPU.ActiveCfg = Release|Any CPU
		{408C7715-F6FA-40C1-AB66-E8635B40ED1B}.Release|Any CPU.Build.0 = Release|Any CPU
		{08839CEB-252A-4A35-BEAE-793D002B7100}.Debug|Any CPU.ActiveCfg = Debug|Any CPU
		{08839CEB-252A-4A35-BEAE-793D002B7100}.Debug|Any CPU.Build.0 = Debug|Any CPU
		{08839CEB-252A-4A35-BEAE-793D002B7100}.Release|Any CPU.ActiveCfg = Release|Any CPU
		{08839CEB-252A-4A35-BEAE-793D002B7100}.Release|Any CPU.Build.0 = Release|Any CPU
		{4F44456E-20C4-4CB9-BAA3-CAF487122551}.Debug|Any CPU.ActiveCfg = Debug|Any CPU
		{4F44456E-20C4-4CB9-BAA3-CAF487122551}.Debug|Any CPU.Build.0 = Debug|Any CPU
		{4F44456E-20C4-4CB9-BAA3-CAF487122551}.Release|Any CPU.ActiveCfg = Release|Any CPU
		{4F44456E-20C4-4CB9-BAA3-CAF487122551}.Release|Any CPU.Build.0 = Release|Any CPU
		{B1542E44-3A4A-4075-B5B1-245574A0CD4D}.Debug|Any CPU.ActiveCfg = Debug|Any CPU
		{B1542E44-3A4A-4075-B5B1-245574A0CD4D}.Debug|Any CPU.Build.0 = Debug|Any CPU
		{B1542E44-3A4A-4075-B5B1-245574A0CD4D}.Release|Any CPU.ActiveCfg = Release|Any CPU
		{B1542E44-3A4A-4075-B5B1-245574A0CD4D}.Release|Any CPU.Build.0 = Release|Any CPU
		{394F049B-4251-469E-BBCE-80503CA95B18}.Debug|Any CPU.ActiveCfg = Debug|Any CPU
		{394F049B-4251-469E-BBCE-80503CA95B18}.Debug|Any CPU.Build.0 = Debug|Any CPU
		{394F049B-4251-469E-BBCE-80503CA95B18}.Release|Any CPU.ActiveCfg = Release|Any CPU
		{394F049B-4251-469E-BBCE-80503CA95B18}.Release|Any CPU.Build.0 = Release|Any CPU
		{C19A238C-61EF-4891-B89D-C440FD15DD62}.Debug|Any CPU.ActiveCfg = Debug|Any CPU
		{C19A238C-61EF-4891-B89D-C440FD15DD62}.Debug|Any CPU.Build.0 = Debug|Any CPU
		{C19A238C-61EF-4891-B89D-C440FD15DD62}.Release|Any CPU.ActiveCfg = Release|Any CPU
		{C19A238C-61EF-4891-B89D-C440FD15DD62}.Release|Any CPU.Build.0 = Release|Any CPU
		{98E59A67-E255-4C78-96A7-39AA78BC78E6}.Debug|Any CPU.ActiveCfg = Debug|Any CPU
		{98E59A67-E255-4C78-96A7-39AA78BC78E6}.Debug|Any CPU.Build.0 = Debug|Any CPU
		{98E59A67-E255-4C78-96A7-39AA78BC78E6}.Release|Any CPU.ActiveCfg = Release|Any CPU
		{98E59A67-E255-4C78-96A7-39AA78BC78E6}.Release|Any CPU.Build.0 = Release|Any CPU
		{26202CE2-DB47-455B-A54B-D854A8DD751F}.Debug|Any CPU.ActiveCfg = Debug|Any CPU
		{26202CE2-DB47-455B-A54B-D854A8DD751F}.Debug|Any CPU.Build.0 = Debug|Any CPU
		{26202CE2-DB47-455B-A54B-D854A8DD751F}.Release|Any CPU.ActiveCfg = Release|Any CPU
		{26202CE2-DB47-455B-A54B-D854A8DD751F}.Release|Any CPU.Build.0 = Release|Any CPU
		{9DFC577E-8FCB-4854-B092-40630D9D05ED}.Debug|Any CPU.ActiveCfg = Debug|Any CPU
		{9DFC577E-8FCB-4854-B092-40630D9D05ED}.Debug|Any CPU.Build.0 = Debug|Any CPU
		{9DFC577E-8FCB-4854-B092-40630D9D05ED}.Release|Any CPU.ActiveCfg = Release|Any CPU
		{9DFC577E-8FCB-4854-B092-40630D9D05ED}.Release|Any CPU.Build.0 = Release|Any CPU
		{245635B2-2805-40CC-AE70-26B45B0D80FA}.Debug|Any CPU.ActiveCfg = Debug|Any CPU
		{245635B2-2805-40CC-AE70-26B45B0D80FA}.Debug|Any CPU.Build.0 = Debug|Any CPU
		{245635B2-2805-40CC-AE70-26B45B0D80FA}.Release|Any CPU.ActiveCfg = Release|Any CPU
		{245635B2-2805-40CC-AE70-26B45B0D80FA}.Release|Any CPU.Build.0 = Release|Any CPU
		{9277DD56-9C6D-4A8C-9B02-620D1D541689}.Debug|Any CPU.ActiveCfg = Debug|Any CPU
		{9277DD56-9C6D-4A8C-9B02-620D1D541689}.Debug|Any CPU.Build.0 = Debug|Any CPU
		{9277DD56-9C6D-4A8C-9B02-620D1D541689}.Release|Any CPU.ActiveCfg = Release|Any CPU
		{9277DD56-9C6D-4A8C-9B02-620D1D541689}.Release|Any CPU.Build.0 = Release|Any CPU
	EndGlobalSection
	GlobalSection(SolutionProperties) = preSolution
		HideSolutionNode = FALSE
	EndGlobalSection
	GlobalSection(ExtensibilityGlobals) = postSolution
		SolutionGuid = {4E7F4C18-B861-42DA-AFB7-F826CD12ACBD}
	EndGlobalSection
EndGlobal
